
Microsoft Visual Studio Solution File, Format Version 12.00
# Visual Studio 15
VisualStudioVersion = 15.0.28010.2048
MinimumVisualStudioVersion = 10.0.40219.1
Project("{9092AA53-FB77-4645-B42D-1CCCA6BD08BD}") = "TypeScriptApp1", "TypeScriptApp1\TypeScriptApp1.njsproj", "{6332756A-EA7A-4923-90D1-6FB43254776F}"
EndProject
Global
	GlobalSection(SolutionConfigurationPlatforms) = preSolution
		Debug|Any CPU = Debug|Any CPU
		Release|Any CPU = Release|Any CPU
	EndGlobalSection
	GlobalSection(ProjectConfigurationPlatforms) = postSolution
		{6332756A-EA7A-4923-90D1-6FB43254776F}.Debug|Any CPU.ActiveCfg = Debug|Any CPU
		{6332756A-EA7A-4923-90D1-6FB43254776F}.Debug|Any CPU.Build.0 = Debug|Any CPU
		{6332756A-EA7A-4923-90D1-6FB43254776F}.Release|Any CPU.ActiveCfg = Release|Any CPU
		{6332756A-EA7A-4923-90D1-6FB43254776F}.Release|Any CPU.Build.0 = Release|Any CPU
	EndGlobalSection
	GlobalSection(SolutionProperties) = preSolution
		HideSolutionNode = FALSE
	EndGlobalSection
	GlobalSection(ExtensibilityGlobals) = postSolution
		SolutionGuid = {EE6F7261-A430-424A-B4ED-5DAB2EFA295A}
	EndGlobalSection
EndGlobal
